{
  "nodes": {
    "flake-parts": {
      "inputs": {
        "nixpkgs-lib": "nixpkgs-lib"
      },
      "locked": {
        "lastModified": 1717285511,
        "narHash": "sha256-iKzJcpdXih14qYVcZ9QC9XuZYnPc6T8YImb6dX166kw=",
        "owner": "hercules-ci",
        "repo": "flake-parts",
        "rev": "2a55567fcf15b1b1c7ed712a2c6fadaec7412ea8",
        "type": "github"
      },
      "original": {
        "owner": "hercules-ci",
        "repo": "flake-parts",
        "type": "github"
      }
    },
    "home-manager": {
      "inputs": {
        "nixpkgs": [
          "nixpkgs"
        ]
      },
      "locked": {
        "lastModified": 1716736833,
        "narHash": "sha256-rNObca6dm7Qs524O4st8VJH6pZ/Xe1gxl+Rx6mcWYo0=",
        "owner": "nix-community",
        "repo": "home-manager",
        "rev": "a631666f5ec18271e86a5cde998cba68c33d9ac6",
        "type": "github"
      },
      "original": {
        "owner": "nix-community",
        "ref": "release-24.05",
        "repo": "home-manager",
        "type": "github"
      }
    },
    "hosts": {
      "inputs": {
        "nixpkgs": "nixpkgs"
      },
      "locked": {
        "lastModified": 1714583712,
        "narHash": "sha256-ugbqLpcXqMUUUIN3VEh5SYwLVvMV0MzI+hWc9HiP0WY=",
        "owner": "StevenBlack",
        "repo": "hosts",
        "rev": "1ec290c91e75592e17bb4cbd1a649a5b692f02c2",
        "type": "github"
      },
      "original": {
        "owner": "StevenBlack",
        "repo": "hosts",
        "type": "github"
      }
    },
    "nixachupkgs": {
      "inputs": {
        "flake-parts": "flake-parts",
        "nixpkgs": "nixpkgs_2",
        "systems": "systems"
      },
      "locked": {
        "lastModified": 1717682342,
        "narHash": "sha256-N18XhtMYPRFsVmXQnaVGyuPTZhJ57DqTIitvMhK9Z+M=",
        "owner": "NixAchu",
        "repo": "nixachupkgs",
        "rev": "5fb6de2f3f9f3c204a1139809648c529e89d17f3",
        "type": "github"
      },
      "original": {
        "owner": "NixAchu",
        "repo": "nixachupkgs",
        "type": "github"
      }
    },
    "nixos-hardware": {
      "locked": {
        "lastModified": 1714465198,
        "narHash": "sha256-ySkEJvS0gPz2UhXm0H3P181T8fUxvDVcoUyGn0Kc5AI=",
        "owner": "NixOS",
        "repo": "nixos-hardware",
        "rev": "68d680c1b7c0e67a9b2144d6776583ee83664ef4",
        "type": "github"
      },
      "original": {
        "owner": "NixOS",
        "repo": "nixos-hardware",
        "type": "github"
      }
    },
    "nixpkgs": {
      "locked": {
        "lastModified": 1714594348,
        "narHash": "sha256-fL6twwN/npU94mvumU5ho/uhM/fwePCRQ9lwamm2lds=",
        "owner": "NixOS",
        "repo": "nixpkgs",
        "rev": "1c74cc292b61614e74c1cf0d372f79d57fb4936b",
        "type": "github"
      },
      "original": {
        "id": "nixpkgs",
        "type": "indirect"
      }
    },
    "nixpkgs-lib": {
      "locked": {
        "lastModified": 1717284937,
        "narHash": "sha256-lIbdfCsf8LMFloheeE6N31+BMIeixqyQWbSr2vk79EQ=",
        "type": "tarball",
        "url": "https://github.com/NixOS/nixpkgs/archive/eb9ceca17df2ea50a250b6b27f7bf6ab0186f198.tar.gz"
      },
      "original": {
        "type": "tarball",
        "url": "https://github.com/NixOS/nixpkgs/archive/eb9ceca17df2ea50a250b6b27f7bf6ab0186f198.tar.gz"
      }
    },
    "nixpkgs-unstable": {
      "locked": {
        "lastModified": 1714635257,
        "narHash": "sha256-4cPymbty65RvF1DWQfc+Bc8B233A1BWxJnNULJKQ1EY=",
        "owner": "NixOS",
        "repo": "nixpkgs",
        "rev": "63c3a29ca82437c87573e4c6919b09a24ea61b0f",
        "type": "github"
      },
      "original": {
        "owner": "NixOS",
        "ref": "nixos-unstable",
        "repo": "nixpkgs",
        "type": "github"
      }
    },
    "nixpkgs_2": {
      "locked": {
        "lastModified": 1717555607,
        "narHash": "sha256-WZ1s48OODmRJ3DHC+I/DtM3tDRuRJlNqMvxvAPTD7ec=",
        "owner": "NixOS",
        "repo": "nixpkgs",
        "rev": "0b8e7a1ae5a94da2e1ee3f3030a32020f6254105",
        "type": "github"
      },
      "original": {
        "owner": "NixOS",
        "ref": "nixos-24.05",
        "repo": "nixpkgs",
        "type": "github"
      }
    },
    "nixpkgs_3": {
      "locked": {
        "lastModified": 1717144377,
        "narHash": "sha256-F/TKWETwB5RaR8owkPPi+SPJh83AQsm6KrQAlJ8v/uA=",
        "owner": "NixOS",
        "repo": "nixpkgs",
        "rev": "805a384895c696f802a9bf5bf4720f37385df547",
        "type": "github"
      },
      "original": {
        "owner": "NixOS",
        "ref": "nixos-24.05",
        "repo": "nixpkgs",
        "type": "github"
      }
    },
    "root": {
      "inputs": {
        "home-manager": "home-manager",
        "hosts": "hosts",
        "nixachupkgs": "nixachupkgs",
        "nixos-hardware": "nixos-hardware",
        "nixpkgs": "nixpkgs_3",
        "nixpkgs-unstable": "nixpkgs-unstable"
      }
    },
    "systems": {
      "locked": {
        "lastModified": 1681028828,
        "narHash": "sha256-Vy1rq5AaRuLzOxct8nz4T6wlgyUR7zLU309k9mBC768=",
        "owner": "nix-systems",
        "repo": "default",
        "rev": "da67096a3b9bf56a91d16901293e51ba5b49a27e",
        "type": "github"
      },
      "original": {
        "owner": "nix-systems",
        "repo": "default",
        "type": "github"
      }
    }
  },
  "root": "root",
  "version": 7
}
