{
  "nodes": {
    "home-manager": {
      "inputs": {
        "nixpkgs": [
          "nixpkgs"
        ]
      },
      "locked": {
        "lastModified": 1720042825,
        "narHash": "sha256-A0vrUB6x82/jvf17qPCpxaM+ulJnD8YZwH9Ci0BsAzE=",
        "owner": "nix-community",
        "repo": "home-manager",
        "rev": "e1391fb22e18a36f57e6999c7a9f966dc80ac073",
        "type": "github"
      },
      "original": {
        "owner": "nix-community",
        "ref": "release-24.05",
        "repo": "home-manager",
        "type": "github"
      }
    },
    "home-manager_2": {
      "inputs": {
        "nixpkgs": "nixpkgs_3"
      },
      "locked": {
        "lastModified": 1720045378,
        "narHash": "sha256-lmE7B+QXw7lWdBu5GQlUABSpzPk3YBb9VbV+IYK5djk=",
        "owner": "nix-community",
        "repo": "home-manager",
        "rev": "0a30138c694ab3b048ac300794c2eb599dc40266",
        "type": "github"
      },
      "original": {
        "id": "home-manager",
        "type": "indirect"
      }
    },
    "nixos-hardware": {
      "locked": {
        "lastModified": 1719895800,
        "narHash": "sha256-xNbjISJTFailxass4LmdWeV4jNhAlmJPwj46a/GxE6M=",
        "owner": "NixOS",
        "repo": "nixos-hardware",
        "rev": "6e253f12b1009053eff5344be5e835f604bb64cd",
        "type": "github"
      },
      "original": {
        "owner": "NixOS",
        "repo": "nixos-hardware",
        "type": "github"
      }
    },
    "nixpkgs": {
      "inputs": {
        "nixpkgs": "nixpkgs_2",
        "nixpkgs-unstable": "nixpkgs-unstable",
        "revolunixos": "revolunixos",
        "virtual-machines": "virtual-machines"
      },
      "locked": {
        "lastModified": 1720130672,
        "narHash": "sha256-yab+QjMEVLCI6rqnUW0TrOttu+as2ML43ue9DJJzeLI=",
        "owner": "RevoluNix",
        "repo": "revolunixpkgs",
        "rev": "5b53b5200c55d9e140e94eee8ac65b271a3d27ac",
        "type": "github"
      },
      "original": {
        "owner": "RevoluNix",
        "ref": "nightly",
        "repo": "revolunixpkgs",
        "type": "github"
      }
    },
    "nixpkgs-unstable": {
      "locked": {
        "lastModified": 1720031269,
        "narHash": "sha256-rwz8NJZV+387rnWpTYcXaRNvzUSnnF9aHONoJIYmiUQ=",
        "owner": "NixOS",
        "repo": "nixpkgs",
        "rev": "9f4128e00b0ae8ec65918efeba59db998750ead6",
        "type": "github"
      },
      "original": {
        "owner": "NixOS",
        "ref": "nixos-unstable",
        "repo": "nixpkgs",
        "type": "github"
      }
    },
    "nixpkgs_2": {
      "locked": {
        "lastModified": 1719956923,
        "narHash": "sha256-nNJHJ9kfPdzYsCOlHOnbiiyKjZUW5sWbwx3cakg3/C4=",
        "owner": "NixOS",
        "repo": "nixpkgs",
        "rev": "706eef542dec88cc0ed25b9075d3037564b2d164",
        "type": "github"
      },
      "original": {
        "owner": "NixOS",
        "ref": "nixos-24.05",
        "repo": "nixpkgs",
        "type": "github"
      }
    },
    "nixpkgs_3": {
      "locked": {
        "lastModified": 1720031269,
        "narHash": "sha256-rwz8NJZV+387rnWpTYcXaRNvzUSnnF9aHONoJIYmiUQ=",
        "owner": "NixOS",
        "repo": "nixpkgs",
        "rev": "9f4128e00b0ae8ec65918efeba59db998750ead6",
        "type": "github"
      },
      "original": {
        "owner": "NixOS",
        "ref": "nixos-unstable",
        "repo": "nixpkgs",
        "type": "github"
      }
    },
    "revolunixos": {
      "inputs": {
        "home-manager": "home-manager_2",
        "nixpkgs": [
          "nixpkgs",
          "nixpkgs"
        ]
      },
      "locked": {
        "lastModified": 1720130122,
        "narHash": "sha256-SW8hcis4ogPZzFtSCIEBL+zqQ7zEBR4YwyDjn7q4aZY=",
        "owner": "RevoluNix",
        "repo": "module-system",
        "rev": "b470726359b3a35475a4573c9f4b8b9b22263f6c",
        "type": "github"
      },
      "original": {
        "owner": "RevoluNix",
        "ref": "nightly",
        "repo": "module-system",
        "type": "github"
      }
    },
    "root": {
      "inputs": {
        "home-manager": "home-manager",
        "nixos-hardware": "nixos-hardware",
        "nixpkgs": "nixpkgs"
      }
    },
    "virtual-machines": {
      "inputs": {
        "nixpkgs": [
          "nixpkgs",
          "nixpkgs"
        ]
      },
      "locked": {
        "lastModified": 1720011382,
        "narHash": "sha256-j+8X4fT95IXpvqZvGrCwZ/isCUN5wEjrIRhoHD71f2w=",
        "owner": "RevoluNix",
        "repo": "module-virtual-machines",
        "rev": "3b497d09907ab178783a49eab762c91d8aad1144",
        "type": "github"
      },
      "original": {
        "owner": "RevoluNix",
        "repo": "module-virtual-machines",
        "type": "github"
      }
    }
  },
  "root": "root",
  "version": 7
}
